
Microsoft Visual Studio Solution File, Format Version 12.00
# Visual Studio Version 17
VisualStudioVersion = 17.0.31903.59
MinimumVisualStudioVersion = 10.0.40219.1
Project("{6EC3EE1D-3C4E-46DD-8F32-0CC8E7565705}") = "Tefin.Core", "Tefin.Core\Tefin.Core.fsproj", "{F5B9DEB5-EDAF-4D8C-98A7-F9B699ECA44F}"
EndProject
Project("{9A19103F-16F7-4668-BE54-9A1E7A4F7556}") = "Tefin", "Tefin\Tefin.csproj", "{756917BF-093A-4066-A525-23A9288A6B0B}"
EndProject
Project("{6EC3EE1D-3C4E-46DD-8F32-0CC8E7565705}") = "Tefin.Grpc", "Tefin.Grpc\Tefin.Grpc.fsproj", "{83515283-90A3-4482-BE10-D4EE1FF97E1F}"
EndProject
Project("{6EC3EE1D-3C4E-46DD-8F32-0CC8E7565705}") = "Tefin.Tests", "Tefin.Tests\Tefin.Tests.fsproj", "{34309CA7-A1A3-4CC5-A76C-D5154105A33C}"
EndProject
Project("{FAE04EC0-301F-11D3-BF4B-00C04F79EFBC}") = "Tefin.Resources", "Tefin.Resources\Tefin.Resources.csproj", "{FBF886E9-6320-4BF0-A85F-39E419650768}"
EndProject
Project("{FAE04EC0-301F-11D3-BF4B-00C04F79EFBC}") = "Tefin.Grpc.Sample", "Tefin.Grpc.Sample\Tefin.Grpc.Sample.csproj", "{4357C8DF-205F-49A1-8CC6-5ADEDC34D8A6}"
EndProject
Global
	GlobalSection(SolutionConfigurationPlatforms) = preSolution
		Beta|Any CPU = Beta|Any CPU
		Beta|ARM = Beta|ARM
		Beta|ARM64 = Beta|ARM64
		Beta|x64 = Beta|x64
		Beta|x86 = Beta|x86
		COMMUNITY|Any CPU = COMMUNITY|Any CPU
		COMMUNITY|ARM = COMMUNITY|ARM
		COMMUNITY|ARM64 = COMMUNITY|ARM64
		COMMUNITY|x64 = COMMUNITY|x64
		COMMUNITY|x86 = COMMUNITY|x86
		Debug|Any CPU = Debug|Any CPU
		Debug|ARM = Debug|ARM
		Debug|ARM64 = Debug|ARM64
		Debug|x64 = Debug|x64
		Debug|x86 = Debug|x86
		ERIK|Any CPU = ERIK|Any CPU
		ERIK|ARM = ERIK|ARM
		ERIK|ARM64 = ERIK|ARM64
		ERIK|x64 = ERIK|x64
		ERIK|x86 = ERIK|x86
		Lite|Any CPU = Lite|Any CPU
		Lite|ARM = Lite|ARM
		Lite|ARM64 = Lite|ARM64
		Lite|x64 = Lite|x64
		Lite|x86 = Lite|x86
		NET4|Any CPU = NET4|Any CPU
		NET4|ARM = NET4|ARM
		NET4|ARM64 = NET4|ARM64
		NET4|x64 = NET4|x64
		NET4|x86 = NET4|x86
		NET40|Any CPU = NET40|Any CPU
		NET40|ARM = NET40|ARM
		NET40|ARM64 = NET40|ARM64
		NET40|x64 = NET40|x64
		NET40|x86 = NET40|x86
		Release|Any CPU = Release|Any CPU
		Release|ARM = Release|ARM
		Release|ARM64 = Release|ARM64
		Release|x64 = Release|x64
		Release|x86 = Release|x86
	EndGlobalSection
	GlobalSection(ProjectConfigurationPlatforms) = postSolution
		{F5B9DEB5-EDAF-4D8C-98A7-F9B699ECA44F}.Beta|Any CPU.ActiveCfg = Debug|Any CPU
		{F5B9DEB5-EDAF-4D8C-98A7-F9B699ECA44F}.Beta|Any CPU.Build.0 = Debug|Any CPU
		{F5B9DEB5-EDAF-4D8C-98A7-F9B699ECA44F}.Beta|ARM.ActiveCfg = Debug|Any CPU
		{F5B9DEB5-EDAF-4D8C-98A7-F9B699ECA44F}.Beta|ARM.Build.0 = Debug|Any CPU
		{F5B9DEB5-EDAF-4D8C-98A7-F9B699ECA44F}.Beta|ARM64.ActiveCfg = Debug|Any CPU
		{F5B9DEB5-EDAF-4D8C-98A7-F9B699ECA44F}.Beta|ARM64.Build.0 = Debug|Any CPU
		{F5B9DEB5-EDAF-4D8C-98A7-F9B699ECA44F}.Beta|x64.ActiveCfg = Debug|Any CPU
		{F5B9DEB5-EDAF-4D8C-98A7-F9B699ECA44F}.Beta|x64.Build.0 = Debug|Any CPU
		{F5B9DEB5-EDAF-4D8C-98A7-F9B699ECA44F}.Beta|x86.ActiveCfg = Debug|Any CPU
		{F5B9DEB5-EDAF-4D8C-98A7-F9B699ECA44F}.Beta|x86.Build.0 = Debug|Any CPU
		{F5B9DEB5-EDAF-4D8C-98A7-F9B699ECA44F}.COMMUNITY|Any CPU.ActiveCfg = Debug|Any CPU
		{F5B9DEB5-EDAF-4D8C-98A7-F9B699ECA44F}.COMMUNITY|Any CPU.Build.0 = Debug|Any CPU
		{F5B9DEB5-EDAF-4D8C-98A7-F9B699ECA44F}.COMMUNITY|ARM.ActiveCfg = Debug|Any CPU
		{F5B9DEB5-EDAF-4D8C-98A7-F9B699ECA44F}.COMMUNITY|ARM.Build.0 = Debug|Any CPU
		{F5B9DEB5-EDAF-4D8C-98A7-F9B699ECA44F}.COMMUNITY|ARM64.ActiveCfg = Debug|Any CPU
		{F5B9DEB5-EDAF-4D8C-98A7-F9B699ECA44F}.COMMUNITY|ARM64.Build.0 = Debug|Any CPU
		{F5B9DEB5-EDAF-4D8C-98A7-F9B699ECA44F}.COMMUNITY|x64.ActiveCfg = Debug|Any CPU
		{F5B9DEB5-EDAF-4D8C-98A7-F9B699ECA44F}.COMMUNITY|x64.Build.0 = Debug|Any CPU
		{F5B9DEB5-EDAF-4D8C-98A7-F9B699ECA44F}.COMMUNITY|x86.ActiveCfg = Debug|Any CPU
		{F5B9DEB5-EDAF-4D8C-98A7-F9B699ECA44F}.COMMUNITY|x86.Build.0 = Debug|Any CPU
		{F5B9DEB5-EDAF-4D8C-98A7-F9B699ECA44F}.Debug|Any CPU.ActiveCfg = Debug|Any CPU
		{F5B9DEB5-EDAF-4D8C-98A7-F9B699ECA44F}.Debug|Any CPU.Build.0 = Debug|Any CPU
		{F5B9DEB5-EDAF-4D8C-98A7-F9B699ECA44F}.Debug|ARM.ActiveCfg = Debug|Any CPU
		{F5B9DEB5-EDAF-4D8C-98A7-F9B699ECA44F}.Debug|ARM.Build.0 = Debug|Any CPU
		{F5B9DEB5-EDAF-4D8C-98A7-F9B699ECA44F}.Debug|ARM64.ActiveCfg = Debug|Any CPU
		{F5B9DEB5-EDAF-4D8C-98A7-F9B699ECA44F}.Debug|ARM64.Build.0 = Debug|Any CPU
		{F5B9DEB5-EDAF-4D8C-98A7-F9B699ECA44F}.Debug|x64.ActiveCfg = Debug|Any CPU
		{F5B9DEB5-EDAF-4D8C-98A7-F9B699ECA44F}.Debug|x64.Build.0 = Debug|Any CPU
		{F5B9DEB5-EDAF-4D8C-98A7-F9B699ECA44F}.Debug|x86.ActiveCfg = Debug|Any CPU
		{F5B9DEB5-EDAF-4D8C-98A7-F9B699ECA44F}.Debug|x86.Build.0 = Debug|Any CPU
		{F5B9DEB5-EDAF-4D8C-98A7-F9B699ECA44F}.ERIK|Any CPU.ActiveCfg = Debug|Any CPU
		{F5B9DEB5-EDAF-4D8C-98A7-F9B699ECA44F}.ERIK|Any CPU.Build.0 = Debug|Any CPU
		{F5B9DEB5-EDAF-4D8C-98A7-F9B699ECA44F}.ERIK|ARM.ActiveCfg = Debug|Any CPU
		{F5B9DEB5-EDAF-4D8C-98A7-F9B699ECA44F}.ERIK|ARM.Build.0 = Debug|Any CPU
		{F5B9DEB5-EDAF-4D8C-98A7-F9B699ECA44F}.ERIK|ARM64.ActiveCfg = Debug|Any CPU
		{F5B9DEB5-EDAF-4D8C-98A7-F9B699ECA44F}.ERIK|ARM64.Build.0 = Debug|Any CPU
		{F5B9DEB5-EDAF-4D8C-98A7-F9B699ECA44F}.ERIK|x64.ActiveCfg = Debug|Any CPU
		{F5B9DEB5-EDAF-4D8C-98A7-F9B699ECA44F}.ERIK|x64.Build.0 = Debug|Any CPU
		{F5B9DEB5-EDAF-4D8C-98A7-F9B699ECA44F}.ERIK|x86.ActiveCfg = Debug|Any CPU
		{F5B9DEB5-EDAF-4D8C-98A7-F9B699ECA44F}.ERIK|x86.Build.0 = Debug|Any CPU
		{F5B9DEB5-EDAF-4D8C-98A7-F9B699ECA44F}.Lite|Any CPU.ActiveCfg = Debug|Any CPU
		{F5B9DEB5-EDAF-4D8C-98A7-F9B699ECA44F}.Lite|Any CPU.Build.0 = Debug|Any CPU
		{F5B9DEB5-EDAF-4D8C-98A7-F9B699ECA44F}.Lite|ARM.ActiveCfg = Debug|Any CPU
		{F5B9DEB5-EDAF-4D8C-98A7-F9B699ECA44F}.Lite|ARM.Build.0 = Debug|Any CPU
		{F5B9DEB5-EDAF-4D8C-98A7-F9B699ECA44F}.Lite|ARM64.ActiveCfg = Debug|Any CPU
		{F5B9DEB5-EDAF-4D8C-98A7-F9B699ECA44F}.Lite|ARM64.Build.0 = Debug|Any CPU
		{F5B9DEB5-EDAF-4D8C-98A7-F9B699ECA44F}.Lite|x64.ActiveCfg = Debug|Any CPU
		{F5B9DEB5-EDAF-4D8C-98A7-F9B699ECA44F}.Lite|x64.Build.0 = Debug|Any CPU
		{F5B9DEB5-EDAF-4D8C-98A7-F9B699ECA44F}.Lite|x86.ActiveCfg = Debug|Any CPU
		{F5B9DEB5-EDAF-4D8C-98A7-F9B699ECA44F}.Lite|x86.Build.0 = Debug|Any CPU
		{F5B9DEB5-EDAF-4D8C-98A7-F9B699ECA44F}.NET4|Any CPU.ActiveCfg = Debug|Any CPU
		{F5B9DEB5-EDAF-4D8C-98A7-F9B699ECA44F}.NET4|Any CPU.Build.0 = Debug|Any CPU
		{F5B9DEB5-EDAF-4D8C-98A7-F9B699ECA44F}.NET4|ARM.ActiveCfg = Debug|Any CPU
		{F5B9DEB5-EDAF-4D8C-98A7-F9B699ECA44F}.NET4|ARM.Build.0 = Debug|Any CPU
		{F5B9DEB5-EDAF-4D8C-98A7-F9B699ECA44F}.NET4|ARM64.ActiveCfg = Debug|Any CPU
		{F5B9DEB5-EDAF-4D8C-98A7-F9B699ECA44F}.NET4|ARM64.Build.0 = Debug|Any CPU
		{F5B9DEB5-EDAF-4D8C-98A7-F9B699ECA44F}.NET4|x64.ActiveCfg = Debug|Any CPU
		{F5B9DEB5-EDAF-4D8C-98A7-F9B699ECA44F}.NET4|x64.Build.0 = Debug|Any CPU
		{F5B9DEB5-EDAF-4D8C-98A7-F9B699ECA44F}.NET4|x86.ActiveCfg = Debug|Any CPU
		{F5B9DEB5-EDAF-4D8C-98A7-F9B699ECA44F}.NET4|x86.Build.0 = Debug|Any CPU
		{F5B9DEB5-EDAF-4D8C-98A7-F9B699ECA44F}.NET40|Any CPU.ActiveCfg = Debug|Any CPU
		{F5B9DEB5-EDAF-4D8C-98A7-F9B699ECA44F}.NET40|Any CPU.Build.0 = Debug|Any CPU
		{F5B9DEB5-EDAF-4D8C-98A7-F9B699ECA44F}.NET40|ARM.ActiveCfg = Debug|Any CPU
		{F5B9DEB5-EDAF-4D8C-98A7-F9B699ECA44F}.NET40|ARM.Build.0 = Debug|Any CPU
		{F5B9DEB5-EDAF-4D8C-98A7-F9B699ECA44F}.NET40|ARM64.ActiveCfg = Debug|Any CPU
		{F5B9DEB5-EDAF-4D8C-98A7-F9B699ECA44F}.NET40|ARM64.Build.0 = Debug|Any CPU
		{F5B9DEB5-EDAF-4D8C-98A7-F9B699ECA44F}.NET40|x64.ActiveCfg = Debug|Any CPU
		{F5B9DEB5-EDAF-4D8C-98A7-F9B699ECA44F}.NET40|x64.Build.0 = Debug|Any CPU
		{F5B9DEB5-EDAF-4D8C-98A7-F9B699ECA44F}.NET40|x86.ActiveCfg = Debug|Any CPU
		{F5B9DEB5-EDAF-4D8C-98A7-F9B699ECA44F}.NET40|x86.Build.0 = Debug|Any CPU
		{F5B9DEB5-EDAF-4D8C-98A7-F9B699ECA44F}.Release|Any CPU.ActiveCfg = Release|Any CPU
		{F5B9DEB5-EDAF-4D8C-98A7-F9B699ECA44F}.Release|Any CPU.Build.0 = Release|Any CPU
		{F5B9DEB5-EDAF-4D8C-98A7-F9B699ECA44F}.Release|ARM.ActiveCfg = Release|Any CPU
		{F5B9DEB5-EDAF-4D8C-98A7-F9B699ECA44F}.Release|ARM.Build.0 = Release|Any CPU
		{F5B9DEB5-EDAF-4D8C-98A7-F9B699ECA44F}.Release|ARM64.ActiveCfg = Release|Any CPU
		{F5B9DEB5-EDAF-4D8C-98A7-F9B699ECA44F}.Release|ARM64.Build.0 = Release|Any CPU
		{F5B9DEB5-EDAF-4D8C-98A7-F9B699ECA44F}.Release|x64.ActiveCfg = Release|Any CPU
		{F5B9DEB5-EDAF-4D8C-98A7-F9B699ECA44F}.Release|x64.Build.0 = Release|Any CPU
		{F5B9DEB5-EDAF-4D8C-98A7-F9B699ECA44F}.Release|x86.ActiveCfg = Release|Any CPU
		{F5B9DEB5-EDAF-4D8C-98A7-F9B699ECA44F}.Release|x86.Build.0 = Release|Any CPU
		{756917BF-093A-4066-A525-23A9288A6B0B}.Beta|Any CPU.ActiveCfg = Debug|Any CPU
		{756917BF-093A-4066-A525-23A9288A6B0B}.Beta|Any CPU.Build.0 = Debug|Any CPU
		{756917BF-093A-4066-A525-23A9288A6B0B}.Beta|ARM.ActiveCfg = Debug|Any CPU
		{756917BF-093A-4066-A525-23A9288A6B0B}.Beta|ARM.Build.0 = Debug|Any CPU
		{756917BF-093A-4066-A525-23A9288A6B0B}.Beta|ARM64.ActiveCfg = Debug|Any CPU
		{756917BF-093A-4066-A525-23A9288A6B0B}.Beta|ARM64.Build.0 = Debug|Any CPU
		{756917BF-093A-4066-A525-23A9288A6B0B}.Beta|x64.ActiveCfg = Debug|Any CPU
		{756917BF-093A-4066-A525-23A9288A6B0B}.Beta|x64.Build.0 = Debug|Any CPU
		{756917BF-093A-4066-A525-23A9288A6B0B}.Beta|x86.ActiveCfg = Debug|Any CPU
		{756917BF-093A-4066-A525-23A9288A6B0B}.Beta|x86.Build.0 = Debug|Any CPU
		{756917BF-093A-4066-A525-23A9288A6B0B}.COMMUNITY|Any CPU.ActiveCfg = Debug|Any CPU
		{756917BF-093A-4066-A525-23A9288A6B0B}.COMMUNITY|Any CPU.Build.0 = Debug|Any CPU
		{756917BF-093A-4066-A525-23A9288A6B0B}.COMMUNITY|ARM.ActiveCfg = Debug|Any CPU
		{756917BF-093A-4066-A525-23A9288A6B0B}.COMMUNITY|ARM.Build.0 = Debug|Any CPU
		{756917BF-093A-4066-A525-23A9288A6B0B}.COMMUNITY|ARM64.ActiveCfg = Debug|Any CPU
		{756917BF-093A-4066-A525-23A9288A6B0B}.COMMUNITY|ARM64.Build.0 = Debug|Any CPU
		{756917BF-093A-4066-A525-23A9288A6B0B}.COMMUNITY|x64.ActiveCfg = Debug|Any CPU
		{756917BF-093A-4066-A525-23A9288A6B0B}.COMMUNITY|x64.Build.0 = Debug|Any CPU
		{756917BF-093A-4066-A525-23A9288A6B0B}.COMMUNITY|x86.ActiveCfg = Debug|Any CPU
		{756917BF-093A-4066-A525-23A9288A6B0B}.COMMUNITY|x86.Build.0 = Debug|Any CPU
		{756917BF-093A-4066-A525-23A9288A6B0B}.Debug|Any CPU.ActiveCfg = Debug|Any CPU
		{756917BF-093A-4066-A525-23A9288A6B0B}.Debug|Any CPU.Build.0 = Debug|Any CPU
		{756917BF-093A-4066-A525-23A9288A6B0B}.Debug|ARM.ActiveCfg = Debug|Any CPU
		{756917BF-093A-4066-A525-23A9288A6B0B}.Debug|ARM.Build.0 = Debug|Any CPU
		{756917BF-093A-4066-A525-23A9288A6B0B}.Debug|ARM64.ActiveCfg = Debug|Any CPU
		{756917BF-093A-4066-A525-23A9288A6B0B}.Debug|ARM64.Build.0 = Debug|Any CPU
		{756917BF-093A-4066-A525-23A9288A6B0B}.Debug|x64.ActiveCfg = Debug|Any CPU
		{756917BF-093A-4066-A525-23A9288A6B0B}.Debug|x64.Build.0 = Debug|Any CPU
		{756917BF-093A-4066-A525-23A9288A6B0B}.Debug|x86.ActiveCfg = Debug|Any CPU
		{756917BF-093A-4066-A525-23A9288A6B0B}.Debug|x86.Build.0 = Debug|Any CPU
		{756917BF-093A-4066-A525-23A9288A6B0B}.ERIK|Any CPU.ActiveCfg = Debug|Any CPU
		{756917BF-093A-4066-A525-23A9288A6B0B}.ERIK|Any CPU.Build.0 = Debug|Any CPU
		{756917BF-093A-4066-A525-23A9288A6B0B}.ERIK|ARM.ActiveCfg = Debug|Any CPU
		{756917BF-093A-4066-A525-23A9288A6B0B}.ERIK|ARM.Build.0 = Debug|Any CPU
		{756917BF-093A-4066-A525-23A9288A6B0B}.ERIK|ARM64.ActiveCfg = Debug|Any CPU
		{756917BF-093A-4066-A525-23A9288A6B0B}.ERIK|ARM64.Build.0 = Debug|Any CPU
		{756917BF-093A-4066-A525-23A9288A6B0B}.ERIK|x64.ActiveCfg = Debug|Any CPU
		{756917BF-093A-4066-A525-23A9288A6B0B}.ERIK|x64.Build.0 = Debug|Any CPU
		{756917BF-093A-4066-A525-23A9288A6B0B}.ERIK|x86.ActiveCfg = Debug|Any CPU
		{756917BF-093A-4066-A525-23A9288A6B0B}.ERIK|x86.Build.0 = Debug|Any CPU
		{756917BF-093A-4066-A525-23A9288A6B0B}.Lite|Any CPU.ActiveCfg = Debug|Any CPU
		{756917BF-093A-4066-A525-23A9288A6B0B}.Lite|Any CPU.Build.0 = Debug|Any CPU
		{756917BF-093A-4066-A525-23A9288A6B0B}.Lite|ARM.ActiveCfg = Debug|Any CPU
		{756917BF-093A-4066-A525-23A9288A6B0B}.Lite|ARM.Build.0 = Debug|Any CPU
		{756917BF-093A-4066-A525-23A9288A6B0B}.Lite|ARM64.ActiveCfg = Debug|Any CPU
		{756917BF-093A-4066-A525-23A9288A6B0B}.Lite|ARM64.Build.0 = Debug|Any CPU
		{756917BF-093A-4066-A525-23A9288A6B0B}.Lite|x64.ActiveCfg = Debug|Any CPU
		{756917BF-093A-4066-A525-23A9288A6B0B}.Lite|x64.Build.0 = Debug|Any CPU
		{756917BF-093A-4066-A525-23A9288A6B0B}.Lite|x86.ActiveCfg = Debug|Any CPU
		{756917BF-093A-4066-A525-23A9288A6B0B}.Lite|x86.Build.0 = Debug|Any CPU
		{756917BF-093A-4066-A525-23A9288A6B0B}.NET4|Any CPU.ActiveCfg = Debug|Any CPU
		{756917BF-093A-4066-A525-23A9288A6B0B}.NET4|Any CPU.Build.0 = Debug|Any CPU
		{756917BF-093A-4066-A525-23A9288A6B0B}.NET4|ARM.ActiveCfg = Debug|Any CPU
		{756917BF-093A-4066-A525-23A9288A6B0B}.NET4|ARM.Build.0 = Debug|Any CPU
		{756917BF-093A-4066-A525-23A9288A6B0B}.NET4|ARM64.ActiveCfg = Debug|Any CPU
		{756917BF-093A-4066-A525-23A9288A6B0B}.NET4|ARM64.Build.0 = Debug|Any CPU
		{756917BF-093A-4066-A525-23A9288A6B0B}.NET4|x64.ActiveCfg = Debug|Any CPU
		{756917BF-093A-4066-A525-23A9288A6B0B}.NET4|x64.Build.0 = Debug|Any CPU
		{756917BF-093A-4066-A525-23A9288A6B0B}.NET4|x86.ActiveCfg = Debug|Any CPU
		{756917BF-093A-4066-A525-23A9288A6B0B}.NET4|x86.Build.0 = Debug|Any CPU
		{756917BF-093A-4066-A525-23A9288A6B0B}.NET40|Any CPU.ActiveCfg = Debug|Any CPU
		{756917BF-093A-4066-A525-23A9288A6B0B}.NET40|Any CPU.Build.0 = Debug|Any CPU
		{756917BF-093A-4066-A525-23A9288A6B0B}.NET40|ARM.ActiveCfg = Debug|Any CPU
		{756917BF-093A-4066-A525-23A9288A6B0B}.NET40|ARM.Build.0 = Debug|Any CPU
		{756917BF-093A-4066-A525-23A9288A6B0B}.NET40|ARM64.ActiveCfg = Debug|Any CPU
		{756917BF-093A-4066-A525-23A9288A6B0B}.NET40|ARM64.Build.0 = Debug|Any CPU
		{756917BF-093A-4066-A525-23A9288A6B0B}.NET40|x64.ActiveCfg = Debug|Any CPU
		{756917BF-093A-4066-A525-23A9288A6B0B}.NET40|x64.Build.0 = Debug|Any CPU
		{756917BF-093A-4066-A525-23A9288A6B0B}.NET40|x86.ActiveCfg = Debug|Any CPU
		{756917BF-093A-4066-A525-23A9288A6B0B}.NET40|x86.Build.0 = Debug|Any CPU
		{756917BF-093A-4066-A525-23A9288A6B0B}.Release|Any CPU.ActiveCfg = Release|Any CPU
		{756917BF-093A-4066-A525-23A9288A6B0B}.Release|Any CPU.Build.0 = Release|Any CPU
		{756917BF-093A-4066-A525-23A9288A6B0B}.Release|ARM.ActiveCfg = Release|Any CPU
		{756917BF-093A-4066-A525-23A9288A6B0B}.Release|ARM.Build.0 = Release|Any CPU
		{756917BF-093A-4066-A525-23A9288A6B0B}.Release|ARM64.ActiveCfg = Release|Any CPU
		{756917BF-093A-4066-A525-23A9288A6B0B}.Release|ARM64.Build.0 = Release|Any CPU
		{756917BF-093A-4066-A525-23A9288A6B0B}.Release|x64.ActiveCfg = Release|Any CPU
		{756917BF-093A-4066-A525-23A9288A6B0B}.Release|x64.Build.0 = Release|Any CPU
		{756917BF-093A-4066-A525-23A9288A6B0B}.Release|x86.ActiveCfg = Release|Any CPU
		{756917BF-093A-4066-A525-23A9288A6B0B}.Release|x86.Build.0 = Release|Any CPU
		{83515283-90A3-4482-BE10-D4EE1FF97E1F}.Beta|Any CPU.ActiveCfg = Debug|Any CPU
		{83515283-90A3-4482-BE10-D4EE1FF97E1F}.Beta|Any CPU.Build.0 = Debug|Any CPU
		{83515283-90A3-4482-BE10-D4EE1FF97E1F}.Beta|ARM.ActiveCfg = Debug|Any CPU
		{83515283-90A3-4482-BE10-D4EE1FF97E1F}.Beta|ARM.Build.0 = Debug|Any CPU
		{83515283-90A3-4482-BE10-D4EE1FF97E1F}.Beta|ARM64.ActiveCfg = Debug|Any CPU
		{83515283-90A3-4482-BE10-D4EE1FF97E1F}.Beta|ARM64.Build.0 = Debug|Any CPU
		{83515283-90A3-4482-BE10-D4EE1FF97E1F}.Beta|x64.ActiveCfg = Debug|Any CPU
		{83515283-90A3-4482-BE10-D4EE1FF97E1F}.Beta|x64.Build.0 = Debug|Any CPU
		{83515283-90A3-4482-BE10-D4EE1FF97E1F}.Beta|x86.ActiveCfg = Debug|Any CPU
		{83515283-90A3-4482-BE10-D4EE1FF97E1F}.Beta|x86.Build.0 = Debug|Any CPU
		{83515283-90A3-4482-BE10-D4EE1FF97E1F}.COMMUNITY|Any CPU.ActiveCfg = Debug|Any CPU
		{83515283-90A3-4482-BE10-D4EE1FF97E1F}.COMMUNITY|Any CPU.Build.0 = Debug|Any CPU
		{83515283-90A3-4482-BE10-D4EE1FF97E1F}.COMMUNITY|ARM.ActiveCfg = Debug|Any CPU
		{83515283-90A3-4482-BE10-D4EE1FF97E1F}.COMMUNITY|ARM.Build.0 = Debug|Any CPU
		{83515283-90A3-4482-BE10-D4EE1FF97E1F}.COMMUNITY|ARM64.ActiveCfg = Debug|Any CPU
		{83515283-90A3-4482-BE10-D4EE1FF97E1F}.COMMUNITY|ARM64.Build.0 = Debug|Any CPU
		{83515283-90A3-4482-BE10-D4EE1FF97E1F}.COMMUNITY|x64.ActiveCfg = Debug|Any CPU
		{83515283-90A3-4482-BE10-D4EE1FF97E1F}.COMMUNITY|x64.Build.0 = Debug|Any CPU
		{83515283-90A3-4482-BE10-D4EE1FF97E1F}.COMMUNITY|x86.ActiveCfg = Debug|Any CPU
		{83515283-90A3-4482-BE10-D4EE1FF97E1F}.COMMUNITY|x86.Build.0 = Debug|Any CPU
		{83515283-90A3-4482-BE10-D4EE1FF97E1F}.Debug|Any CPU.ActiveCfg = Debug|Any CPU
		{83515283-90A3-4482-BE10-D4EE1FF97E1F}.Debug|Any CPU.Build.0 = Debug|Any CPU
		{83515283-90A3-4482-BE10-D4EE1FF97E1F}.Debug|ARM.ActiveCfg = Debug|Any CPU
		{83515283-90A3-4482-BE10-D4EE1FF97E1F}.Debug|ARM.Build.0 = Debug|Any CPU
		{83515283-90A3-4482-BE10-D4EE1FF97E1F}.Debug|ARM64.ActiveCfg = Debug|Any CPU
		{83515283-90A3-4482-BE10-D4EE1FF97E1F}.Debug|ARM64.Build.0 = Debug|Any CPU
		{83515283-90A3-4482-BE10-D4EE1FF97E1F}.Debug|x64.ActiveCfg = Debug|Any CPU
		{83515283-90A3-4482-BE10-D4EE1FF97E1F}.Debug|x64.Build.0 = Debug|Any CPU
		{83515283-90A3-4482-BE10-D4EE1FF97E1F}.Debug|x86.ActiveCfg = Debug|Any CPU
		{83515283-90A3-4482-BE10-D4EE1FF97E1F}.Debug|x86.Build.0 = Debug|Any CPU
		{83515283-90A3-4482-BE10-D4EE1FF97E1F}.ERIK|Any CPU.ActiveCfg = Debug|Any CPU
		{83515283-90A3-4482-BE10-D4EE1FF97E1F}.ERIK|Any CPU.Build.0 = Debug|Any CPU
		{83515283-90A3-4482-BE10-D4EE1FF97E1F}.ERIK|ARM.ActiveCfg = Debug|Any CPU
		{83515283-90A3-4482-BE10-D4EE1FF97E1F}.ERIK|ARM.Build.0 = Debug|Any CPU
		{83515283-90A3-4482-BE10-D4EE1FF97E1F}.ERIK|ARM64.ActiveCfg = Debug|Any CPU
		{83515283-90A3-4482-BE10-D4EE1FF97E1F}.ERIK|ARM64.Build.0 = Debug|Any CPU
		{83515283-90A3-4482-BE10-D4EE1FF97E1F}.ERIK|x64.ActiveCfg = Debug|Any CPU
		{83515283-90A3-4482-BE10-D4EE1FF97E1F}.ERIK|x64.Build.0 = Debug|Any CPU
		{83515283-90A3-4482-BE10-D4EE1FF97E1F}.ERIK|x86.ActiveCfg = Debug|Any CPU
		{83515283-90A3-4482-BE10-D4EE1FF97E1F}.ERIK|x86.Build.0 = Debug|Any CPU
		{83515283-90A3-4482-BE10-D4EE1FF97E1F}.Lite|Any CPU.ActiveCfg = Debug|Any CPU
		{83515283-90A3-4482-BE10-D4EE1FF97E1F}.Lite|Any CPU.Build.0 = Debug|Any CPU
		{83515283-90A3-4482-BE10-D4EE1FF97E1F}.Lite|ARM.ActiveCfg = Debug|Any CPU
		{83515283-90A3-4482-BE10-D4EE1FF97E1F}.Lite|ARM.Build.0 = Debug|Any CPU
		{83515283-90A3-4482-BE10-D4EE1FF97E1F}.Lite|ARM64.ActiveCfg = Debug|Any CPU
		{83515283-90A3-4482-BE10-D4EE1FF97E1F}.Lite|ARM64.Build.0 = Debug|Any CPU
		{83515283-90A3-4482-BE10-D4EE1FF97E1F}.Lite|x64.ActiveCfg = Debug|Any CPU
		{83515283-90A3-4482-BE10-D4EE1FF97E1F}.Lite|x64.Build.0 = Debug|Any CPU
		{83515283-90A3-4482-BE10-D4EE1FF97E1F}.Lite|x86.ActiveCfg = Debug|Any CPU
		{83515283-90A3-4482-BE10-D4EE1FF97E1F}.Lite|x86.Build.0 = Debug|Any CPU
		{83515283-90A3-4482-BE10-D4EE1FF97E1F}.NET4|Any CPU.ActiveCfg = Debug|Any CPU
		{83515283-90A3-4482-BE10-D4EE1FF97E1F}.NET4|Any CPU.Build.0 = Debug|Any CPU
		{83515283-90A3-4482-BE10-D4EE1FF97E1F}.NET4|ARM.ActiveCfg = Debug|Any CPU
		{83515283-90A3-4482-BE10-D4EE1FF97E1F}.NET4|ARM.Build.0 = Debug|Any CPU
		{83515283-90A3-4482-BE10-D4EE1FF97E1F}.NET4|ARM64.ActiveCfg = Debug|Any CPU
		{83515283-90A3-4482-BE10-D4EE1FF97E1F}.NET4|ARM64.Build.0 = Debug|Any CPU
		{83515283-90A3-4482-BE10-D4EE1FF97E1F}.NET4|x64.ActiveCfg = Debug|Any CPU
		{83515283-90A3-4482-BE10-D4EE1FF97E1F}.NET4|x64.Build.0 = Debug|Any CPU
		{83515283-90A3-4482-BE10-D4EE1FF97E1F}.NET4|x86.ActiveCfg = Debug|Any CPU
		{83515283-90A3-4482-BE10-D4EE1FF97E1F}.NET4|x86.Build.0 = Debug|Any CPU
		{83515283-90A3-4482-BE10-D4EE1FF97E1F}.NET40|Any CPU.ActiveCfg = Debug|Any CPU
		{83515283-90A3-4482-BE10-D4EE1FF97E1F}.NET40|Any CPU.Build.0 = Debug|Any CPU
		{83515283-90A3-4482-BE10-D4EE1FF97E1F}.NET40|ARM.ActiveCfg = Debug|Any CPU
		{83515283-90A3-4482-BE10-D4EE1FF97E1F}.NET40|ARM.Build.0 = Debug|Any CPU
		{83515283-90A3-4482-BE10-D4EE1FF97E1F}.NET40|ARM64.ActiveCfg = Debug|Any CPU
		{83515283-90A3-4482-BE10-D4EE1FF97E1F}.NET40|ARM64.Build.0 = Debug|Any CPU
		{83515283-90A3-4482-BE10-D4EE1FF97E1F}.NET40|x64.ActiveCfg = Debug|Any CPU
		{83515283-90A3-4482-BE10-D4EE1FF97E1F}.NET40|x64.Build.0 = Debug|Any CPU
		{83515283-90A3-4482-BE10-D4EE1FF97E1F}.NET40|x86.ActiveCfg = Debug|Any CPU
		{83515283-90A3-4482-BE10-D4EE1FF97E1F}.NET40|x86.Build.0 = Debug|Any CPU
		{83515283-90A3-4482-BE10-D4EE1FF97E1F}.Release|Any CPU.ActiveCfg = Release|Any CPU
		{83515283-90A3-4482-BE10-D4EE1FF97E1F}.Release|Any CPU.Build.0 = Release|Any CPU
		{83515283-90A3-4482-BE10-D4EE1FF97E1F}.Release|ARM.ActiveCfg = Release|Any CPU
		{83515283-90A3-4482-BE10-D4EE1FF97E1F}.Release|ARM.Build.0 = Release|Any CPU
		{83515283-90A3-4482-BE10-D4EE1FF97E1F}.Release|ARM64.ActiveCfg = Release|Any CPU
		{83515283-90A3-4482-BE10-D4EE1FF97E1F}.Release|ARM64.Build.0 = Release|Any CPU
		{83515283-90A3-4482-BE10-D4EE1FF97E1F}.Release|x64.ActiveCfg = Release|Any CPU
		{83515283-90A3-4482-BE10-D4EE1FF97E1F}.Release|x64.Build.0 = Release|Any CPU
		{83515283-90A3-4482-BE10-D4EE1FF97E1F}.Release|x86.ActiveCfg = Release|Any CPU
		{83515283-90A3-4482-BE10-D4EE1FF97E1F}.Release|x86.Build.0 = Release|Any CPU
		{34309CA7-A1A3-4CC5-A76C-D5154105A33C}.Beta|Any CPU.ActiveCfg = Debug|Any CPU
		{34309CA7-A1A3-4CC5-A76C-D5154105A33C}.Beta|Any CPU.Build.0 = Debug|Any CPU
		{34309CA7-A1A3-4CC5-A76C-D5154105A33C}.Beta|ARM.ActiveCfg = Debug|Any CPU
		{34309CA7-A1A3-4CC5-A76C-D5154105A33C}.Beta|ARM.Build.0 = Debug|Any CPU
		{34309CA7-A1A3-4CC5-A76C-D5154105A33C}.Beta|ARM64.ActiveCfg = Debug|Any CPU
		{34309CA7-A1A3-4CC5-A76C-D5154105A33C}.Beta|ARM64.Build.0 = Debug|Any CPU
		{34309CA7-A1A3-4CC5-A76C-D5154105A33C}.Beta|x64.ActiveCfg = Debug|Any CPU
		{34309CA7-A1A3-4CC5-A76C-D5154105A33C}.Beta|x64.Build.0 = Debug|Any CPU
		{34309CA7-A1A3-4CC5-A76C-D5154105A33C}.Beta|x86.ActiveCfg = Debug|Any CPU
		{34309CA7-A1A3-4CC5-A76C-D5154105A33C}.Beta|x86.Build.0 = Debug|Any CPU
		{34309CA7-A1A3-4CC5-A76C-D5154105A33C}.COMMUNITY|Any CPU.ActiveCfg = Debug|Any CPU
		{34309CA7-A1A3-4CC5-A76C-D5154105A33C}.COMMUNITY|Any CPU.Build.0 = Debug|Any CPU
		{34309CA7-A1A3-4CC5-A76C-D5154105A33C}.COMMUNITY|ARM.ActiveCfg = Debug|Any CPU
		{34309CA7-A1A3-4CC5-A76C-D5154105A33C}.COMMUNITY|ARM.Build.0 = Debug|Any CPU
		{34309CA7-A1A3-4CC5-A76C-D5154105A33C}.COMMUNITY|ARM64.ActiveCfg = Debug|Any CPU
		{34309CA7-A1A3-4CC5-A76C-D5154105A33C}.COMMUNITY|ARM64.Build.0 = Debug|Any CPU
		{34309CA7-A1A3-4CC5-A76C-D5154105A33C}.COMMUNITY|x64.ActiveCfg = Debug|Any CPU
		{34309CA7-A1A3-4CC5-A76C-D5154105A33C}.COMMUNITY|x64.Build.0 = Debug|Any CPU
		{34309CA7-A1A3-4CC5-A76C-D5154105A33C}.COMMUNITY|x86.ActiveCfg = Debug|Any CPU
		{34309CA7-A1A3-4CC5-A76C-D5154105A33C}.COMMUNITY|x86.Build.0 = Debug|Any CPU
		{34309CA7-A1A3-4CC5-A76C-D5154105A33C}.Debug|Any CPU.ActiveCfg = Debug|Any CPU
		{34309CA7-A1A3-4CC5-A76C-D5154105A33C}.Debug|Any CPU.Build.0 = Debug|Any CPU
		{34309CA7-A1A3-4CC5-A76C-D5154105A33C}.Debug|ARM.ActiveCfg = Debug|Any CPU
		{34309CA7-A1A3-4CC5-A76C-D5154105A33C}.Debug|ARM.Build.0 = Debug|Any CPU
		{34309CA7-A1A3-4CC5-A76C-D5154105A33C}.Debug|ARM64.ActiveCfg = Debug|Any CPU
		{34309CA7-A1A3-4CC5-A76C-D5154105A33C}.Debug|ARM64.Build.0 = Debug|Any CPU
		{34309CA7-A1A3-4CC5-A76C-D5154105A33C}.Debug|x64.ActiveCfg = Debug|Any CPU
		{34309CA7-A1A3-4CC5-A76C-D5154105A33C}.Debug|x64.Build.0 = Debug|Any CPU
		{34309CA7-A1A3-4CC5-A76C-D5154105A33C}.Debug|x86.ActiveCfg = Debug|Any CPU
		{34309CA7-A1A3-4CC5-A76C-D5154105A33C}.Debug|x86.Build.0 = Debug|Any CPU
		{34309CA7-A1A3-4CC5-A76C-D5154105A33C}.ERIK|Any CPU.ActiveCfg = Debug|Any CPU
		{34309CA7-A1A3-4CC5-A76C-D5154105A33C}.ERIK|Any CPU.Build.0 = Debug|Any CPU
		{34309CA7-A1A3-4CC5-A76C-D5154105A33C}.ERIK|ARM.ActiveCfg = Debug|Any CPU
		{34309CA7-A1A3-4CC5-A76C-D5154105A33C}.ERIK|ARM.Build.0 = Debug|Any CPU
		{34309CA7-A1A3-4CC5-A76C-D5154105A33C}.ERIK|ARM64.ActiveCfg = Debug|Any CPU
		{34309CA7-A1A3-4CC5-A76C-D5154105A33C}.ERIK|ARM64.Build.0 = Debug|Any CPU
		{34309CA7-A1A3-4CC5-A76C-D5154105A33C}.ERIK|x64.ActiveCfg = Debug|Any CPU
		{34309CA7-A1A3-4CC5-A76C-D5154105A33C}.ERIK|x64.Build.0 = Debug|Any CPU
		{34309CA7-A1A3-4CC5-A76C-D5154105A33C}.ERIK|x86.ActiveCfg = Debug|Any CPU
		{34309CA7-A1A3-4CC5-A76C-D5154105A33C}.ERIK|x86.Build.0 = Debug|Any CPU
		{34309CA7-A1A3-4CC5-A76C-D5154105A33C}.Lite|Any CPU.ActiveCfg = Debug|Any CPU
		{34309CA7-A1A3-4CC5-A76C-D5154105A33C}.Lite|Any CPU.Build.0 = Debug|Any CPU
		{34309CA7-A1A3-4CC5-A76C-D5154105A33C}.Lite|ARM.ActiveCfg = Debug|Any CPU
		{34309CA7-A1A3-4CC5-A76C-D5154105A33C}.Lite|ARM.Build.0 = Debug|Any CPU
		{34309CA7-A1A3-4CC5-A76C-D5154105A33C}.Lite|ARM64.ActiveCfg = Debug|Any CPU
		{34309CA7-A1A3-4CC5-A76C-D5154105A33C}.Lite|ARM64.Build.0 = Debug|Any CPU
		{34309CA7-A1A3-4CC5-A76C-D5154105A33C}.Lite|x64.ActiveCfg = Debug|Any CPU
		{34309CA7-A1A3-4CC5-A76C-D5154105A33C}.Lite|x64.Build.0 = Debug|Any CPU
		{34309CA7-A1A3-4CC5-A76C-D5154105A33C}.Lite|x86.ActiveCfg = Debug|Any CPU
		{34309CA7-A1A3-4CC5-A76C-D5154105A33C}.Lite|x86.Build.0 = Debug|Any CPU
		{34309CA7-A1A3-4CC5-A76C-D5154105A33C}.NET4|Any CPU.ActiveCfg = Debug|Any CPU
		{34309CA7-A1A3-4CC5-A76C-D5154105A33C}.NET4|Any CPU.Build.0 = Debug|Any CPU
		{34309CA7-A1A3-4CC5-A76C-D5154105A33C}.NET4|ARM.ActiveCfg = Debug|Any CPU
		{34309CA7-A1A3-4CC5-A76C-D5154105A33C}.NET4|ARM.Build.0 = Debug|Any CPU
		{34309CA7-A1A3-4CC5-A76C-D5154105A33C}.NET4|ARM64.ActiveCfg = Debug|Any CPU
		{34309CA7-A1A3-4CC5-A76C-D5154105A33C}.NET4|ARM64.Build.0 = Debug|Any CPU
		{34309CA7-A1A3-4CC5-A76C-D5154105A33C}.NET4|x64.ActiveCfg = Debug|Any CPU
		{34309CA7-A1A3-4CC5-A76C-D5154105A33C}.NET4|x64.Build.0 = Debug|Any CPU
		{34309CA7-A1A3-4CC5-A76C-D5154105A33C}.NET4|x86.ActiveCfg = Debug|Any CPU
		{34309CA7-A1A3-4CC5-A76C-D5154105A33C}.NET4|x86.Build.0 = Debug|Any CPU
		{34309CA7-A1A3-4CC5-A76C-D5154105A33C}.NET40|Any CPU.ActiveCfg = Debug|Any CPU
		{34309CA7-A1A3-4CC5-A76C-D5154105A33C}.NET40|Any CPU.Build.0 = Debug|Any CPU
		{34309CA7-A1A3-4CC5-A76C-D5154105A33C}.NET40|ARM.ActiveCfg = Debug|Any CPU
		{34309CA7-A1A3-4CC5-A76C-D5154105A33C}.NET40|ARM.Build.0 = Debug|Any CPU
		{34309CA7-A1A3-4CC5-A76C-D5154105A33C}.NET40|ARM64.ActiveCfg = Debug|Any CPU
		{34309CA7-A1A3-4CC5-A76C-D5154105A33C}.NET40|ARM64.Build.0 = Debug|Any CPU
		{34309CA7-A1A3-4CC5-A76C-D5154105A33C}.NET40|x64.ActiveCfg = Debug|Any CPU
		{34309CA7-A1A3-4CC5-A76C-D5154105A33C}.NET40|x64.Build.0 = Debug|Any CPU
		{34309CA7-A1A3-4CC5-A76C-D5154105A33C}.NET40|x86.ActiveCfg = Debug|Any CPU
		{34309CA7-A1A3-4CC5-A76C-D5154105A33C}.NET40|x86.Build.0 = Debug|Any CPU
		{34309CA7-A1A3-4CC5-A76C-D5154105A33C}.Release|Any CPU.ActiveCfg = Release|Any CPU
		{34309CA7-A1A3-4CC5-A76C-D5154105A33C}.Release|Any CPU.Build.0 = Release|Any CPU
		{34309CA7-A1A3-4CC5-A76C-D5154105A33C}.Release|ARM.ActiveCfg = Release|Any CPU
		{34309CA7-A1A3-4CC5-A76C-D5154105A33C}.Release|ARM.Build.0 = Release|Any CPU
		{34309CA7-A1A3-4CC5-A76C-D5154105A33C}.Release|ARM64.ActiveCfg = Release|Any CPU
		{34309CA7-A1A3-4CC5-A76C-D5154105A33C}.Release|ARM64.Build.0 = Release|Any CPU
		{34309CA7-A1A3-4CC5-A76C-D5154105A33C}.Release|x64.ActiveCfg = Release|Any CPU
		{34309CA7-A1A3-4CC5-A76C-D5154105A33C}.Release|x64.Build.0 = Release|Any CPU
		{34309CA7-A1A3-4CC5-A76C-D5154105A33C}.Release|x86.ActiveCfg = Release|Any CPU
		{34309CA7-A1A3-4CC5-A76C-D5154105A33C}.Release|x86.Build.0 = Release|Any CPU
		{FBF886E9-6320-4BF0-A85F-39E419650768}.Beta|Any CPU.ActiveCfg = Debug|Any CPU
		{FBF886E9-6320-4BF0-A85F-39E419650768}.Beta|Any CPU.Build.0 = Debug|Any CPU
		{FBF886E9-6320-4BF0-A85F-39E419650768}.Beta|ARM.ActiveCfg = Debug|Any CPU
		{FBF886E9-6320-4BF0-A85F-39E419650768}.Beta|ARM.Build.0 = Debug|Any CPU
		{FBF886E9-6320-4BF0-A85F-39E419650768}.Beta|ARM64.ActiveCfg = Debug|Any CPU
		{FBF886E9-6320-4BF0-A85F-39E419650768}.Beta|ARM64.Build.0 = Debug|Any CPU
		{FBF886E9-6320-4BF0-A85F-39E419650768}.Beta|x64.ActiveCfg = Debug|Any CPU
		{FBF886E9-6320-4BF0-A85F-39E419650768}.Beta|x64.Build.0 = Debug|Any CPU
		{FBF886E9-6320-4BF0-A85F-39E419650768}.Beta|x86.ActiveCfg = Debug|Any CPU
		{FBF886E9-6320-4BF0-A85F-39E419650768}.Beta|x86.Build.0 = Debug|Any CPU
		{FBF886E9-6320-4BF0-A85F-39E419650768}.COMMUNITY|Any CPU.ActiveCfg = COMMUNITY|Any CPU
		{FBF886E9-6320-4BF0-A85F-39E419650768}.COMMUNITY|Any CPU.Build.0 = COMMUNITY|Any CPU
		{FBF886E9-6320-4BF0-A85F-39E419650768}.COMMUNITY|ARM.ActiveCfg = COMMUNITY|Any CPU
		{FBF886E9-6320-4BF0-A85F-39E419650768}.COMMUNITY|ARM.Build.0 = COMMUNITY|Any CPU
		{FBF886E9-6320-4BF0-A85F-39E419650768}.COMMUNITY|ARM64.ActiveCfg = COMMUNITY|Any CPU
		{FBF886E9-6320-4BF0-A85F-39E419650768}.COMMUNITY|ARM64.Build.0 = COMMUNITY|Any CPU
		{FBF886E9-6320-4BF0-A85F-39E419650768}.COMMUNITY|x64.ActiveCfg = COMMUNITY|Any CPU
		{FBF886E9-6320-4BF0-A85F-39E419650768}.COMMUNITY|x64.Build.0 = COMMUNITY|Any CPU
		{FBF886E9-6320-4BF0-A85F-39E419650768}.COMMUNITY|x86.ActiveCfg = COMMUNITY|Any CPU
		{FBF886E9-6320-4BF0-A85F-39E419650768}.COMMUNITY|x86.Build.0 = COMMUNITY|Any CPU
		{FBF886E9-6320-4BF0-A85F-39E419650768}.Debug|Any CPU.ActiveCfg = Debug|Any CPU
		{FBF886E9-6320-4BF0-A85F-39E419650768}.Debug|Any CPU.Build.0 = Debug|Any CPU
		{FBF886E9-6320-4BF0-A85F-39E419650768}.Debug|ARM.ActiveCfg = Debug|Any CPU
		{FBF886E9-6320-4BF0-A85F-39E419650768}.Debug|ARM.Build.0 = Debug|Any CPU
		{FBF886E9-6320-4BF0-A85F-39E419650768}.Debug|ARM64.ActiveCfg = Debug|Any CPU
		{FBF886E9-6320-4BF0-A85F-39E419650768}.Debug|ARM64.Build.0 = Debug|Any CPU
		{FBF886E9-6320-4BF0-A85F-39E419650768}.Debug|x64.ActiveCfg = Debug|Any CPU
		{FBF886E9-6320-4BF0-A85F-39E419650768}.Debug|x64.Build.0 = Debug|Any CPU
		{FBF886E9-6320-4BF0-A85F-39E419650768}.Debug|x86.ActiveCfg = Debug|Any CPU
		{FBF886E9-6320-4BF0-A85F-39E419650768}.Debug|x86.Build.0 = Debug|Any CPU
		{FBF886E9-6320-4BF0-A85F-39E419650768}.ERIK|Any CPU.ActiveCfg = Debug|Any CPU
		{FBF886E9-6320-4BF0-A85F-39E419650768}.ERIK|Any CPU.Build.0 = Debug|Any CPU
		{FBF886E9-6320-4BF0-A85F-39E419650768}.ERIK|ARM.ActiveCfg = Debug|Any CPU
		{FBF886E9-6320-4BF0-A85F-39E419650768}.ERIK|ARM.Build.0 = Debug|Any CPU
		{FBF886E9-6320-4BF0-A85F-39E419650768}.ERIK|ARM64.ActiveCfg = Debug|Any CPU
		{FBF886E9-6320-4BF0-A85F-39E419650768}.ERIK|ARM64.Build.0 = Debug|Any CPU
		{FBF886E9-6320-4BF0-A85F-39E419650768}.ERIK|x64.ActiveCfg = Debug|Any CPU
		{FBF886E9-6320-4BF0-A85F-39E419650768}.ERIK|x64.Build.0 = Debug|Any CPU
		{FBF886E9-6320-4BF0-A85F-39E419650768}.ERIK|x86.ActiveCfg = Debug|Any CPU
		{FBF886E9-6320-4BF0-A85F-39E419650768}.ERIK|x86.Build.0 = Debug|Any CPU
		{FBF886E9-6320-4BF0-A85F-39E419650768}.Lite|Any CPU.ActiveCfg = Debug|Any CPU
		{FBF886E9-6320-4BF0-A85F-39E419650768}.Lite|Any CPU.Build.0 = Debug|Any CPU
		{FBF886E9-6320-4BF0-A85F-39E419650768}.Lite|ARM.ActiveCfg = Debug|Any CPU
		{FBF886E9-6320-4BF0-A85F-39E419650768}.Lite|ARM.Build.0 = Debug|Any CPU
		{FBF886E9-6320-4BF0-A85F-39E419650768}.Lite|ARM64.ActiveCfg = Debug|Any CPU
		{FBF886E9-6320-4BF0-A85F-39E419650768}.Lite|ARM64.Build.0 = Debug|Any CPU
		{FBF886E9-6320-4BF0-A85F-39E419650768}.Lite|x64.ActiveCfg = Debug|Any CPU
		{FBF886E9-6320-4BF0-A85F-39E419650768}.Lite|x64.Build.0 = Debug|Any CPU
		{FBF886E9-6320-4BF0-A85F-39E419650768}.Lite|x86.ActiveCfg = Debug|Any CPU
		{FBF886E9-6320-4BF0-A85F-39E419650768}.Lite|x86.Build.0 = Debug|Any CPU
		{FBF886E9-6320-4BF0-A85F-39E419650768}.NET4|Any CPU.ActiveCfg = Debug|Any CPU
		{FBF886E9-6320-4BF0-A85F-39E419650768}.NET4|Any CPU.Build.0 = Debug|Any CPU
		{FBF886E9-6320-4BF0-A85F-39E419650768}.NET4|ARM.ActiveCfg = Debug|Any CPU
		{FBF886E9-6320-4BF0-A85F-39E419650768}.NET4|ARM.Build.0 = Debug|Any CPU
		{FBF886E9-6320-4BF0-A85F-39E419650768}.NET4|ARM64.ActiveCfg = Debug|Any CPU
		{FBF886E9-6320-4BF0-A85F-39E419650768}.NET4|ARM64.Build.0 = Debug|Any CPU
		{FBF886E9-6320-4BF0-A85F-39E419650768}.NET4|x64.ActiveCfg = Debug|Any CPU
		{FBF886E9-6320-4BF0-A85F-39E419650768}.NET4|x64.Build.0 = Debug|Any CPU
		{FBF886E9-6320-4BF0-A85F-39E419650768}.NET4|x86.ActiveCfg = Debug|Any CPU
		{FBF886E9-6320-4BF0-A85F-39E419650768}.NET4|x86.Build.0 = Debug|Any CPU
		{FBF886E9-6320-4BF0-A85F-39E419650768}.NET40|Any CPU.ActiveCfg = Debug|Any CPU
		{FBF886E9-6320-4BF0-A85F-39E419650768}.NET40|Any CPU.Build.0 = Debug|Any CPU
		{FBF886E9-6320-4BF0-A85F-39E419650768}.NET40|ARM.ActiveCfg = Debug|Any CPU
		{FBF886E9-6320-4BF0-A85F-39E419650768}.NET40|ARM.Build.0 = Debug|Any CPU
		{FBF886E9-6320-4BF0-A85F-39E419650768}.NET40|ARM64.ActiveCfg = Debug|Any CPU
		{FBF886E9-6320-4BF0-A85F-39E419650768}.NET40|ARM64.Build.0 = Debug|Any CPU
		{FBF886E9-6320-4BF0-A85F-39E419650768}.NET40|x64.ActiveCfg = Debug|Any CPU
		{FBF886E9-6320-4BF0-A85F-39E419650768}.NET40|x64.Build.0 = Debug|Any CPU
		{FBF886E9-6320-4BF0-A85F-39E419650768}.NET40|x86.ActiveCfg = Debug|Any CPU
		{FBF886E9-6320-4BF0-A85F-39E419650768}.NET40|x86.Build.0 = Debug|Any CPU
		{FBF886E9-6320-4BF0-A85F-39E419650768}.Release|Any CPU.ActiveCfg = Release|Any CPU
		{FBF886E9-6320-4BF0-A85F-39E419650768}.Release|Any CPU.Build.0 = Release|Any CPU
		{FBF886E9-6320-4BF0-A85F-39E419650768}.Release|ARM.ActiveCfg = Release|Any CPU
		{FBF886E9-6320-4BF0-A85F-39E419650768}.Release|ARM.Build.0 = Release|Any CPU
		{FBF886E9-6320-4BF0-A85F-39E419650768}.Release|ARM64.ActiveCfg = Release|Any CPU
		{FBF886E9-6320-4BF0-A85F-39E419650768}.Release|ARM64.Build.0 = Release|Any CPU
		{FBF886E9-6320-4BF0-A85F-39E419650768}.Release|x64.ActiveCfg = Release|Any CPU
		{FBF886E9-6320-4BF0-A85F-39E419650768}.Release|x64.Build.0 = Release|Any CPU
		{FBF886E9-6320-4BF0-A85F-39E419650768}.Release|x86.ActiveCfg = Release|Any CPU
		{FBF886E9-6320-4BF0-A85F-39E419650768}.Release|x86.Build.0 = Release|Any CPU
		{4357C8DF-205F-49A1-8CC6-5ADEDC34D8A6}.Beta|Any CPU.ActiveCfg = Debug|Any CPU
		{4357C8DF-205F-49A1-8CC6-5ADEDC34D8A6}.Beta|Any CPU.Build.0 = Debug|Any CPU
		{4357C8DF-205F-49A1-8CC6-5ADEDC34D8A6}.Beta|ARM.ActiveCfg = Debug|Any CPU
		{4357C8DF-205F-49A1-8CC6-5ADEDC34D8A6}.Beta|ARM.Build.0 = Debug|Any CPU
		{4357C8DF-205F-49A1-8CC6-5ADEDC34D8A6}.Beta|ARM64.ActiveCfg = Debug|Any CPU
		{4357C8DF-205F-49A1-8CC6-5ADEDC34D8A6}.Beta|ARM64.Build.0 = Debug|Any CPU
		{4357C8DF-205F-49A1-8CC6-5ADEDC34D8A6}.Beta|x64.ActiveCfg = Debug|Any CPU
		{4357C8DF-205F-49A1-8CC6-5ADEDC34D8A6}.Beta|x64.Build.0 = Debug|Any CPU
		{4357C8DF-205F-49A1-8CC6-5ADEDC34D8A6}.Beta|x86.ActiveCfg = Debug|Any CPU
		{4357C8DF-205F-49A1-8CC6-5ADEDC34D8A6}.Beta|x86.Build.0 = Debug|Any CPU
		{4357C8DF-205F-49A1-8CC6-5ADEDC34D8A6}.COMMUNITY|Any CPU.ActiveCfg = Debug|Any CPU
		{4357C8DF-205F-49A1-8CC6-5ADEDC34D8A6}.COMMUNITY|Any CPU.Build.0 = Debug|Any CPU
		{4357C8DF-205F-49A1-8CC6-5ADEDC34D8A6}.COMMUNITY|ARM.ActiveCfg = Debug|Any CPU
		{4357C8DF-205F-49A1-8CC6-5ADEDC34D8A6}.COMMUNITY|ARM.Build.0 = Debug|Any CPU
		{4357C8DF-205F-49A1-8CC6-5ADEDC34D8A6}.COMMUNITY|ARM64.ActiveCfg = Debug|Any CPU
		{4357C8DF-205F-49A1-8CC6-5ADEDC34D8A6}.COMMUNITY|ARM64.Build.0 = Debug|Any CPU
		{4357C8DF-205F-49A1-8CC6-5ADEDC34D8A6}.COMMUNITY|x64.ActiveCfg = Debug|Any CPU
		{4357C8DF-205F-49A1-8CC6-5ADEDC34D8A6}.COMMUNITY|x64.Build.0 = Debug|Any CPU
		{4357C8DF-205F-49A1-8CC6-5ADEDC34D8A6}.COMMUNITY|x86.ActiveCfg = Debug|Any CPU
		{4357C8DF-205F-49A1-8CC6-5ADEDC34D8A6}.COMMUNITY|x86.Build.0 = Debug|Any CPU
		{4357C8DF-205F-49A1-8CC6-5ADEDC34D8A6}.Debug|Any CPU.ActiveCfg = Debug|Any CPU
		{4357C8DF-205F-49A1-8CC6-5ADEDC34D8A6}.Debug|Any CPU.Build.0 = Debug|Any CPU
		{4357C8DF-205F-49A1-8CC6-5ADEDC34D8A6}.Debug|ARM.ActiveCfg = Debug|Any CPU
		{4357C8DF-205F-49A1-8CC6-5ADEDC34D8A6}.Debug|ARM.Build.0 = Debug|Any CPU
		{4357C8DF-205F-49A1-8CC6-5ADEDC34D8A6}.Debug|ARM64.ActiveCfg = Debug|Any CPU
		{4357C8DF-205F-49A1-8CC6-5ADEDC34D8A6}.Debug|ARM64.Build.0 = Debug|Any CPU
		{4357C8DF-205F-49A1-8CC6-5ADEDC34D8A6}.Debug|x64.ActiveCfg = Debug|Any CPU
		{4357C8DF-205F-49A1-8CC6-5ADEDC34D8A6}.Debug|x64.Build.0 = Debug|Any CPU
		{4357C8DF-205F-49A1-8CC6-5ADEDC34D8A6}.Debug|x86.ActiveCfg = Debug|Any CPU
		{4357C8DF-205F-49A1-8CC6-5ADEDC34D8A6}.Debug|x86.Build.0 = Debug|Any CPU
		{4357C8DF-205F-49A1-8CC6-5ADEDC34D8A6}.ERIK|Any CPU.ActiveCfg = Debug|Any CPU
		{4357C8DF-205F-49A1-8CC6-5ADEDC34D8A6}.ERIK|Any CPU.Build.0 = Debug|Any CPU
		{4357C8DF-205F-49A1-8CC6-5ADEDC34D8A6}.ERIK|ARM.ActiveCfg = Debug|Any CPU
		{4357C8DF-205F-49A1-8CC6-5ADEDC34D8A6}.ERIK|ARM.Build.0 = Debug|Any CPU
		{4357C8DF-205F-49A1-8CC6-5ADEDC34D8A6}.ERIK|ARM64.ActiveCfg = Debug|Any CPU
		{4357C8DF-205F-49A1-8CC6-5ADEDC34D8A6}.ERIK|ARM64.Build.0 = Debug|Any CPU
		{4357C8DF-205F-49A1-8CC6-5ADEDC34D8A6}.ERIK|x64.ActiveCfg = Debug|Any CPU
		{4357C8DF-205F-49A1-8CC6-5ADEDC34D8A6}.ERIK|x64.Build.0 = Debug|Any CPU
		{4357C8DF-205F-49A1-8CC6-5ADEDC34D8A6}.ERIK|x86.ActiveCfg = Debug|Any CPU
		{4357C8DF-205F-49A1-8CC6-5ADEDC34D8A6}.ERIK|x86.Build.0 = Debug|Any CPU
		{4357C8DF-205F-49A1-8CC6-5ADEDC34D8A6}.Lite|Any CPU.ActiveCfg = Debug|Any CPU
		{4357C8DF-205F-49A1-8CC6-5ADEDC34D8A6}.Lite|Any CPU.Build.0 = Debug|Any CPU
		{4357C8DF-205F-49A1-8CC6-5ADEDC34D8A6}.Lite|ARM.ActiveCfg = Debug|Any CPU
		{4357C8DF-205F-49A1-8CC6-5ADEDC34D8A6}.Lite|ARM.Build.0 = Debug|Any CPU
		{4357C8DF-205F-49A1-8CC6-5ADEDC34D8A6}.Lite|ARM64.ActiveCfg = Debug|Any CPU
		{4357C8DF-205F-49A1-8CC6-5ADEDC34D8A6}.Lite|ARM64.Build.0 = Debug|Any CPU
		{4357C8DF-205F-49A1-8CC6-5ADEDC34D8A6}.Lite|x64.ActiveCfg = Debug|Any CPU
		{4357C8DF-205F-49A1-8CC6-5ADEDC34D8A6}.Lite|x64.Build.0 = Debug|Any CPU
		{4357C8DF-205F-49A1-8CC6-5ADEDC34D8A6}.Lite|x86.ActiveCfg = Debug|Any CPU
		{4357C8DF-205F-49A1-8CC6-5ADEDC34D8A6}.Lite|x86.Build.0 = Debug|Any CPU
		{4357C8DF-205F-49A1-8CC6-5ADEDC34D8A6}.NET4|Any CPU.ActiveCfg = Debug|Any CPU
		{4357C8DF-205F-49A1-8CC6-5ADEDC34D8A6}.NET4|Any CPU.Build.0 = Debug|Any CPU
		{4357C8DF-205F-49A1-8CC6-5ADEDC34D8A6}.NET4|ARM.ActiveCfg = Debug|Any CPU
		{4357C8DF-205F-49A1-8CC6-5ADEDC34D8A6}.NET4|ARM.Build.0 = Debug|Any CPU
		{4357C8DF-205F-49A1-8CC6-5ADEDC34D8A6}.NET4|ARM64.ActiveCfg = Debug|Any CPU
		{4357C8DF-205F-49A1-8CC6-5ADEDC34D8A6}.NET4|ARM64.Build.0 = Debug|Any CPU
		{4357C8DF-205F-49A1-8CC6-5ADEDC34D8A6}.NET4|x64.ActiveCfg = Debug|Any CPU
		{4357C8DF-205F-49A1-8CC6-5ADEDC34D8A6}.NET4|x64.Build.0 = Debug|Any CPU
		{4357C8DF-205F-49A1-8CC6-5ADEDC34D8A6}.NET4|x86.ActiveCfg = Debug|Any CPU
		{4357C8DF-205F-49A1-8CC6-5ADEDC34D8A6}.NET4|x86.Build.0 = Debug|Any CPU
		{4357C8DF-205F-49A1-8CC6-5ADEDC34D8A6}.NET40|Any CPU.ActiveCfg = Debug|Any CPU
		{4357C8DF-205F-49A1-8CC6-5ADEDC34D8A6}.NET40|Any CPU.Build.0 = Debug|Any CPU
		{4357C8DF-205F-49A1-8CC6-5ADEDC34D8A6}.NET40|ARM.ActiveCfg = Debug|Any CPU
		{4357C8DF-205F-49A1-8CC6-5ADEDC34D8A6}.NET40|ARM.Build.0 = Debug|Any CPU
		{4357C8DF-205F-49A1-8CC6-5ADEDC34D8A6}.NET40|ARM64.ActiveCfg = Debug|Any CPU
		{4357C8DF-205F-49A1-8CC6-5ADEDC34D8A6}.NET40|ARM64.Build.0 = Debug|Any CPU
		{4357C8DF-205F-49A1-8CC6-5ADEDC34D8A6}.NET40|x64.ActiveCfg = Debug|Any CPU
		{4357C8DF-205F-49A1-8CC6-5ADEDC34D8A6}.NET40|x64.Build.0 = Debug|Any CPU
		{4357C8DF-205F-49A1-8CC6-5ADEDC34D8A6}.NET40|x86.ActiveCfg = Debug|Any CPU
		{4357C8DF-205F-49A1-8CC6-5ADEDC34D8A6}.NET40|x86.Build.0 = Debug|Any CPU
		{4357C8DF-205F-49A1-8CC6-5ADEDC34D8A6}.Release|Any CPU.ActiveCfg = Release|Any CPU
		{4357C8DF-205F-49A1-8CC6-5ADEDC34D8A6}.Release|Any CPU.Build.0 = Release|Any CPU
		{4357C8DF-205F-49A1-8CC6-5ADEDC34D8A6}.Release|ARM.ActiveCfg = Release|Any CPU
		{4357C8DF-205F-49A1-8CC6-5ADEDC34D8A6}.Release|ARM.Build.0 = Release|Any CPU
		{4357C8DF-205F-49A1-8CC6-5ADEDC34D8A6}.Release|ARM64.ActiveCfg = Release|Any CPU
		{4357C8DF-205F-49A1-8CC6-5ADEDC34D8A6}.Release|ARM64.Build.0 = Release|Any CPU
		{4357C8DF-205F-49A1-8CC6-5ADEDC34D8A6}.Release|x64.ActiveCfg = Release|Any CPU
		{4357C8DF-205F-49A1-8CC6-5ADEDC34D8A6}.Release|x64.Build.0 = Release|Any CPU
		{4357C8DF-205F-49A1-8CC6-5ADEDC34D8A6}.Release|x86.ActiveCfg = Release|Any CPU
		{4357C8DF-205F-49A1-8CC6-5ADEDC34D8A6}.Release|x86.Build.0 = Release|Any CPU
	EndGlobalSection
	GlobalSection(SolutionProperties) = preSolution
		HideSolutionNode = FALSE
	EndGlobalSection
	GlobalSection(NestedProjects) = preSolution
	EndGlobalSection
	GlobalSection(ExtensibilityGlobals) = postSolution
		SolutionGuid = {A491BE08-23B8-46ED-83C0-1FD44E1CE437}
	EndGlobalSection
EndGlobal
